{
  "requires": true,
  "lockfileVersion": 1,
  "dependencies": {
    "google-libphonenumber": {
      "version": "3.1.11",
      "resolved": "https://registry.npmjs.org/google-libphonenumber/-/google-libphonenumber-3.1.11.tgz",
      "integrity": "sha512-i5gPUiHT1L8PMhJA3u1Bno2gXU6Ec9mP05J0wxNFk5tfuJNyE14HqlVCCP/i1zwRKl0iIGKrAc5s9YlyzTSF8w=="
    }
  }
}
